
Microsoft Visual Studio Solution File, Format Version 11.00
# Visual Studio 2010 Express for Windows Phone
Project("{FAE04EC0-301F-11D3-BF4B-00C04F79EFBC}") = "Tetris7", "Tetris7\Tetris7.csproj", "{FEB00ED0-B8D6-40C8-A361-5D71388A58C7}"
EndProject
Global
	GlobalSection(SolutionConfigurationPlatforms) = preSolution
		Debug|Any CPU = Debug|Any CPU
		Release|Any CPU = Release|Any CPU
	EndGlobalSection
	GlobalSection(ProjectConfigurationPlatforms) = postSolution
		{FEB00ED0-B8D6-40C8-A361-5D71388A58C7}.Debug|Any CPU.ActiveCfg = Debug|Any CPU
		{FEB00ED0-B8D6-40C8-A361-5D71388A58C7}.Debug|Any CPU.Build.0 = Debug|Any CPU
		{FEB00ED0-B8D6-40C8-A361-5D71388A58C7}.Debug|Any CPU.Deploy.0 = Debug|Any CPU
		{FEB00ED0-B8D6-40C8-A361-5D71388A58C7}.Release|Any CPU.ActiveCfg = Release|Any CPU
		{FEB00ED0-B8D6-40C8-A361-5D71388A58C7}.Release|Any CPU.Build.0 = Release|Any CPU
		{FEB00ED0-B8D6-40C8-A361-5D71388A58C7}.Release|Any CPU.Deploy.0 = Release|Any CPU
	EndGlobalSection
	GlobalSection(SolutionProperties) = preSolution
		HideSolutionNode = FALSE
	EndGlobalSection
EndGlobal
